<?xml version="1.0" encoding="utf-8"?>
<Project ToolsVersion="4.0" xmlns="http://schemas.microsoft.com/developer/msbuild/2003">
  <ItemGroup>
    <Filter Include="Photon">
      <UniqueIdentifier>{BD8514CA-A927-3FA0-92E2-52F47E23C6F0}</UniqueIdentifier>
    </Filter>
    <Filter Include="Photon\Events">
      <UniqueIdentifier>{01BB3C97-6D7B-B8CD-36B6-014BA235FDA9}</UniqueIdentifier>
    </Filter>
    <Filter Include="Photon\Shaders">
      <UniqueIdentifier>{96178D93-82E5-8099-6B79-F1BF57E65CFE}</UniqueIdentifier>
    </Filter>
    <Filter Include="Platform">
      <UniqueIdentifier>{2AC788B4-1694-E3BF-3FAD-D1672BD9184E}</UniqueIdentifier>
    </Filter>
    <Filter Include="Platform\Windows">
      <UniqueIdentifier>{64FBD71A-50F4-F66C-7926-DCF1657ED678}</UniqueIdentifier>
    </Filter>
  </ItemGroup>
  <ItemGroup>
    <ClInclude Include="src\Photon.h" />
    <ClInclude Include="src\Photon\Application.h">
      <Filter>Photon</Filter>
    </ClInclude>
    <ClInclude Include="src\Photon\Core.h">
      <Filter>Photon</Filter>
    </ClInclude>
    <ClInclude Include="src\Photon\EntryPoint.h">
      <Filter>Photon</Filter>
    </ClInclude>
    <ClInclude Include="src\Photon\Events\ApplicationEvent.h">
      <Filter>Photon\Events</Filter>
    </ClInclude>
    <ClInclude Include="src\Photon\Events\Event.h">
      <Filter>Photon\Events</Filter>
    </ClInclude>
    <ClInclude Include="src\Photon\Events\KeyEvent.h">
      <Filter>Photon\Events</Filter>
    </ClInclude>
    <ClInclude Include="src\Photon\Events\MouseEvent.h">
      <Filter>Photon\Events</Filter>
    </ClInclude>
    <ClInclude Include="src\Photon\Layer.h">
      <Filter>Photon</Filter>
    </ClInclude>
    <ClInclude Include="src\Photon\LayerStack.h">
      <Filter>Photon</Filter>
    </ClInclude>
    <ClInclude Include="src\Photon\Log.h">
      <Filter>Photon</Filter>
    </ClInclude>
    <ClInclude Include="src\Photon\Window.h">
      <Filter>Photon</Filter>
    </ClInclude>
    <ClInclude Include="src\Platform\Windows\WindowsWindow.h">
      <Filter>Platform\Windows</Filter>
    </ClInclude>
    <ClInclude Include="src\ptpch.h" />
  </ItemGroup>
  <ItemGroup>
    <ClCompile Include="src\Photon\Application.cpp">
      <Filter>Photon</Filter>
    </ClCompile>
    <ClCompile Include="src\Photon\Layer.cpp">
      <Filter>Photon</Filter>
    </ClCompile>
    <ClCompile Include="src\Photon\LayerStack.cpp">
      <Filter>Photon</Filter>
    </ClCompile>
    <ClCompile Include="src\Photon\Log.cpp">
      <Filter>Photon</Filter>
    </ClCompile>
    <ClCompile Include="src\Platform\Windows\WindowsWindow.cpp">
      <Filter>Platform\Windows</Filter>
    </ClCompile>
    <ClCompile Include="src\ptpch.cpp" />
  </ItemGroup>
  <ItemGroup>
    <None Include="src\Photon\Shaders\vertex.vert">
      <Filter>Photon\Shaders</Filter>
    </None>
  </ItemGroup>
</Project>